// !$*UTF8*$!
{
	archiveVersion = 1;
	classes = {
	};
	objectVersion = 46;
	objects = {

/* Begin PBXBuildFile section */
		17B0991AD748AEE9AB36E7B7 /* Pods_Twister.framework in Frameworks */ = {isa = PBXBuildFile; fileRef = 46F45034432960FBD7F51ACD /* Pods_Twister.framework */; };
		4213F0AA1EC2CE250014E741 /* MediaItem.swift in Sources */ = {isa = PBXBuildFile; fileRef = 4213F0A91EC2CE250014E741 /* MediaItem.swift */; };
		4249C3FB1EDB8D3000CC40AE /* JSONKeys.swift in Sources */ = {isa = PBXBuildFile; fileRef = 4249C3FA1EDB8D3000CC40AE /* JSONKeys.swift */; };
		424BE3E01EBAEAA60034DB00 /* AuthorizationManager.swift in Sources */ = {isa = PBXBuildFile; fileRef = 424BE3DD1EBAEAA60034DB00 /* AuthorizationManager.swift */; };
		424BE3E11EBAEAA60034DB00 /* MediaLibraryManager.swift in Sources */ = {isa = PBXBuildFile; fileRef = 424BE3DE1EBAEAA60034DB00 /* MediaLibraryManager.swift */; };
		424BE3F01EBAEAFE0034DB00 /* Assets.xcassets in Resources */ = {isa = PBXBuildFile; fileRef = 424BE3EB1EBAEAFE0034DB00 /* Assets.xcassets */; };
		424BE3F11EBAEAFE0034DB00 /* LaunchScreen.storyboard in Resources */ = {isa = PBXBuildFile; fileRef = 424BE3EC1EBAEAFE0034DB00 /* LaunchScreen.storyboard */; };
		424BE3F21EBAEAFE0034DB00 /* Main.storyboard in Resources */ = {isa = PBXBuildFile; fileRef = 424BE3EE1EBAEAFE0034DB00 /* Main.storyboard */; };
		424E9D661EBBC9F2006C2C82 /* AppleMusicManager.swift in Sources */ = {isa = PBXBuildFile; fileRef = 424E9D651EBBC9F2006C2C82 /* AppleMusicManager.swift */; };
		42C9B1991EDF5D7B009A9DE7 /* AppleMusicRequestFactory.swift in Sources */ = {isa = PBXBuildFile; fileRef = 42C9B1981EDF5D7B009A9DE7 /* AppleMusicRequestFactory.swift */; };
		42EDDE671E9AE0B10012EDD0 /* AppDelegate.swift in Sources */ = {isa = PBXBuildFile; fileRef = 42EDDE661E9AE0B10012EDD0 /* AppDelegate.swift */; };
		A643FE252434176C0065247B /* Keys.swift in Sources */ = {isa = PBXBuildFile; fileRef = A643FE242434176C0065247B /* Keys.swift */; };
		A65DCD20243404A200FCD74D /* Artwork.swift in Sources */ = {isa = PBXBuildFile; fileRef = A65DCD1F243404A200FCD74D /* Artwork.swift */; };
		A65DCD22243405DC00FCD74D /* SerializationError.swift in Sources */ = {isa = PBXBuildFile; fileRef = A65DCD21243405DC00FCD74D /* SerializationError.swift */; };
		A65DCD252434086100FCD74D /* iTunesRequests.swift in Sources */ = {isa = PBXBuildFile; fileRef = A65DCD242434086100FCD74D /* iTunesRequests.swift */; };
		A65DCD2A2434098300FCD74D /* SongTableViewCell.swift in Sources */ = {isa = PBXBuildFile; fileRef = A65DCD282434098200FCD74D /* SongTableViewCell.swift */; };
		A65DCD2B2434098300FCD74D /* ResultsViewController.swift in Sources */ = {isa = PBXBuildFile; fileRef = A65DCD292434098300FCD74D /* ResultsViewController.swift */; };
		A65DCD2D2434099500FCD74D /* PlaylistTableViewCell.swift in Sources */ = {isa = PBXBuildFile; fileRef = A65DCD2C2434099500FCD74D /* PlaylistTableViewCell.swift */; };
		A688F02323D68272004F0CBE /* SongReplacerViewController.swift in Sources */ = {isa = PBXBuildFile; fileRef = A688F02223D68272004F0CBE /* SongReplacerViewController.swift */; };
		A6ACCC1623D3BD2C00A55FAE /* MainViewController.swift in Sources */ = {isa = PBXBuildFile; fileRef = A6ACCC1523D3BD2C00A55FAE /* MainViewController.swift */; };
		A6D5DCD823D682F5004F4373 /* SongReplacerTableViewCell.swift in Sources */ = {isa = PBXBuildFile; fileRef = A6D5DCD723D682F5004F4373 /* SongReplacerTableViewCell.swift */; };
		A6DCD83823D4F4900072012F /* SettingsTableViewController.swift in Sources */ = {isa = PBXBuildFile; fileRef = A6DCD83723D4F4900072012F /* SettingsTableViewController.swift */; };
		A6DCD83A23D606110072012F /* Models.swift in Sources */ = {isa = PBXBuildFile; fileRef = A6DCD83923D606110072012F /* Models.swift */; };
/* End PBXBuildFile section */

/* Begin PBXFileReference section */
		4213F0A91EC2CE250014E741 /* MediaItem.swift */ = {isa = PBXFileReference; fileEncoding = 4; lastKnownFileType = sourcecode.swift; path = MediaItem.swift; sourceTree = "<group>"; };
		4249C3FA1EDB8D3000CC40AE /* JSONKeys.swift */ = {isa = PBXFileReference; lastKnownFileType = sourcecode.swift; path = JSONKeys.swift; sourceTree = "<group>"; };
		424BE3DD1EBAEAA60034DB00 /* AuthorizationManager.swift */ = {isa = PBXFileReference; fileEncoding = 4; lastKnownFileType = sourcecode.swift; path = AuthorizationManager.swift; sourceTree = "<group>"; };
		424BE3DE1EBAEAA60034DB00 /* MediaLibraryManager.swift */ = {isa = PBXFileReference; fileEncoding = 4; lastKnownFileType = sourcecode.swift; path = MediaLibraryManager.swift; sourceTree = "<group>"; };
		424BE3EB1EBAEAFE0034DB00 /* Assets.xcassets */ = {isa = PBXFileReference; lastKnownFileType = folder.assetcatalog; path = Assets.xcassets; sourceTree = "<group>"; };
		424BE3ED1EBAEAFE0034DB00 /* Base */ = {isa = PBXFileReference; lastKnownFileType = file.storyboard; name = Base; path = Base.lproj/LaunchScreen.storyboard; sourceTree = "<group>"; };
		424BE3EF1EBAEAFE0034DB00 /* Base */ = {isa = PBXFileReference; lastKnownFileType = file.storyboard; name = Base; path = Base.lproj/Main.storyboard; sourceTree = "<group>"; };
		424E9D651EBBC9F2006C2C82 /* AppleMusicManager.swift */ = {isa = PBXFileReference; fileEncoding = 4; lastKnownFileType = sourcecode.swift; path = AppleMusicManager.swift; sourceTree = "<group>"; };
		42C9B1981EDF5D7B009A9DE7 /* AppleMusicRequestFactory.swift */ = {isa = PBXFileReference; lastKnownFileType = sourcecode.swift; path = AppleMusicRequestFactory.swift; sourceTree = "<group>"; };
		42D655431EC5466D00BB5656 /* README.md */ = {isa = PBXFileReference; lastKnownFileType = net.daringfireball.markdown; path = README.md; sourceTree = "<group>"; xcLanguageSpecificationIdentifier = xcode.lang.markdown; };
		42EDDE631E9AE0B10012EDD0 /* Twister.app */ = {isa = PBXFileReference; explicitFileType = wrapper.application; includeInIndex = 0; path = Twister.app; sourceTree = BUILT_PRODUCTS_DIR; };
		42EDDE661E9AE0B10012EDD0 /* AppDelegate.swift */ = {isa = PBXFileReference; lastKnownFileType = sourcecode.swift; path = AppDelegate.swift; sourceTree = "<group>"; };
		42EDDE721E9AE0B10012EDD0 /* Info.plist */ = {isa = PBXFileReference; lastKnownFileType = text.plist.xml; path = Info.plist; sourceTree = "<group>"; };
		437D499E43FAB7A6EE0AA4F3 /* Pods-Twister.debug.xcconfig */ = {isa = PBXFileReference; includeInIndex = 1; lastKnownFileType = text.xcconfig; name = "Pods-Twister.debug.xcconfig"; path = "Target Support Files/Pods-Twister/Pods-Twister.debug.xcconfig"; sourceTree = "<group>"; };
		45B19C0EE7AE36636EF68661 /* Pods-Adding-Content-to-Apple-Music.debug.xcconfig */ = {isa = PBXFileReference; includeInIndex = 1; lastKnownFileType = text.xcconfig; name = "Pods-Adding-Content-to-Apple-Music.debug.xcconfig"; path = "Target Support Files/Pods-Adding-Content-to-Apple-Music/Pods-Adding-Content-to-Apple-Music.debug.xcconfig"; sourceTree = "<group>"; };
		46F45034432960FBD7F51ACD /* Pods_Twister.framework */ = {isa = PBXFileReference; explicitFileType = wrapper.framework; includeInIndex = 0; path = Pods_Twister.framework; sourceTree = BUILT_PRODUCTS_DIR; };
		7A423584CF0C96CBCD6DD920 /* Pods-Adding-Content-to-Apple-Music.release.xcconfig */ = {isa = PBXFileReference; includeInIndex = 1; lastKnownFileType = text.xcconfig; name = "Pods-Adding-Content-to-Apple-Music.release.xcconfig"; path = "Target Support Files/Pods-Adding-Content-to-Apple-Music/Pods-Adding-Content-to-Apple-Music.release.xcconfig"; sourceTree = "<group>"; };
		7D4983CD4395E5828F81D4AD /* SampleCode.xcconfig */ = {isa = PBXFileReference; includeInIndex = 1; lastKnownFileType = text.xcconfig; name = SampleCode.xcconfig; path = Configuration/SampleCode.xcconfig; sourceTree = "<group>"; };
		8D09AB42E99653918C08824C /* Pods-Twister.release.xcconfig */ = {isa = PBXFileReference; includeInIndex = 1; lastKnownFileType = text.xcconfig; name = "Pods-Twister.release.xcconfig"; path = "Target Support Files/Pods-Twister/Pods-Twister.release.xcconfig"; sourceTree = "<group>"; };
		A643FE242434176C0065247B /* Keys.swift */ = {isa = PBXFileReference; fileEncoding = 4; lastKnownFileType = sourcecode.swift; path = Keys.swift; sourceTree = "<group>"; };
		A65DCD1F243404A200FCD74D /* Artwork.swift */ = {isa = PBXFileReference; fileEncoding = 4; lastKnownFileType = sourcecode.swift; path = Artwork.swift; sourceTree = "<group>"; };
		A65DCD21243405DC00FCD74D /* SerializationError.swift */ = {isa = PBXFileReference; fileEncoding = 4; lastKnownFileType = sourcecode.swift; path = SerializationError.swift; sourceTree = "<group>"; };
		A65DCD242434086100FCD74D /* iTunesRequests.swift */ = {isa = PBXFileReference; lastKnownFileType = sourcecode.swift; path = iTunesRequests.swift; sourceTree = "<group>"; };
		A65DCD282434098200FCD74D /* SongTableViewCell.swift */ = {isa = PBXFileReference; fileEncoding = 4; lastKnownFileType = sourcecode.swift; path = SongTableViewCell.swift; sourceTree = "<group>"; };
		A65DCD292434098300FCD74D /* ResultsViewController.swift */ = {isa = PBXFileReference; fileEncoding = 4; lastKnownFileType = sourcecode.swift; path = ResultsViewController.swift; sourceTree = "<group>"; };
		A65DCD2C2434099500FCD74D /* PlaylistTableViewCell.swift */ = {isa = PBXFileReference; fileEncoding = 4; lastKnownFileType = sourcecode.swift; path = PlaylistTableViewCell.swift; sourceTree = "<group>"; };
		A688F02223D68272004F0CBE /* SongReplacerViewController.swift */ = {isa = PBXFileReference; lastKnownFileType = sourcecode.swift; path = SongReplacerViewController.swift; sourceTree = "<group>"; };
		A6ACCC1523D3BD2C00A55FAE /* MainViewController.swift */ = {isa = PBXFileReference; lastKnownFileType = sourcecode.swift; path = MainViewController.swift; sourceTree = "<group>"; };
		A6D5DCD723D682F5004F4373 /* SongReplacerTableViewCell.swift */ = {isa = PBXFileReference; fileEncoding = 4; lastKnownFileType = sourcecode.swift; path = SongReplacerTableViewCell.swift; sourceTree = "<group>"; };
		A6DCD83723D4F4900072012F /* SettingsTableViewController.swift */ = {isa = PBXFileReference; lastKnownFileType = sourcecode.swift; path = SettingsTableViewController.swift; sourceTree = "<group>"; };
		A6DCD83923D606110072012F /* Models.swift */ = {isa = PBXFileReference; lastKnownFileType = sourcecode.swift; path = Models.swift; sourceTree = "<group>"; };
		FF6A8FFC3191918B5D84482D /* LICENSE.txt */ = {isa = PBXFileReference; includeInIndex = 1; lastKnownFileType = text; path = LICENSE.txt; sourceTree = "<group>"; };
/* End PBXFileReference section */

/* Begin PBXFrameworksBuildPhase section */
		42EDDE601E9AE0B10012EDD0 /* Frameworks */ = {
			isa = PBXFrameworksBuildPhase;
			buildActionMask = 2147483647;
			files = (
				17B0991AD748AEE9AB36E7B7 /* Pods_Twister.framework in Frameworks */,
			);
			runOnlyForDeploymentPostprocessing = 0;
		};
/* End PBXFrameworksBuildPhase section */

/* Begin PBXGroup section */
		155D714F8BC0A1BAE81C7EE8 /* Configuration */ = {
			isa = PBXGroup;
			children = (
				7D4983CD4395E5828F81D4AD /* SampleCode.xcconfig */,
			);
			name = Configuration;
			sourceTree = "<group>";
		};
		4213F0A81EC2CDBE0014E741 /* Model */ = {
			isa = PBXGroup;
			children = (
				A65DCD21243405DC00FCD74D /* SerializationError.swift */,
				A65DCD1F243404A200FCD74D /* Artwork.swift */,
				4213F0A91EC2CE250014E741 /* MediaItem.swift */,
			);
			path = Model;
			sourceTree = "<group>";
		};
		4249C3F71EDB6AF100CC40AE /* Utility */ = {
			isa = PBXGroup;
			children = (
				4249C3FA1EDB8D3000CC40AE /* JSONKeys.swift */,
				42C9B1981EDF5D7B009A9DE7 /* AppleMusicRequestFactory.swift */,
			);
			path = Utility;
			sourceTree = "<group>";
		};
		424BE3DC1EBAEAA60034DB00 /* Managers */ = {
			isa = PBXGroup;
			children = (
				424E9D651EBBC9F2006C2C82 /* AppleMusicManager.swift */,
				424BE3DD1EBAEAA60034DB00 /* AuthorizationManager.swift */,
				424BE3DE1EBAEAA60034DB00 /* MediaLibraryManager.swift */,
			);
			path = Managers;
			sourceTree = "<group>";
		};
		424BE3EA1EBAEAFE0034DB00 /* Resources */ = {
			isa = PBXGroup;
			children = (
				42EDDE661E9AE0B10012EDD0 /* AppDelegate.swift */,
				424BE3EB1EBAEAFE0034DB00 /* Assets.xcassets */,
				424BE3EC1EBAEAFE0034DB00 /* LaunchScreen.storyboard */,
				424BE3EE1EBAEAFE0034DB00 /* Main.storyboard */,
			);
			path = Resources;
			sourceTree = "<group>";
		};
		42EDDE5A1E9AE0B10012EDD0 = {
			isa = PBXGroup;
			children = (
				42D655431EC5466D00BB5656 /* README.md */,
				42EDDE651E9AE0B10012EDD0 /* Twister */,
				42EDDE641E9AE0B10012EDD0 /* Products */,
				155D714F8BC0A1BAE81C7EE8 /* Configuration */,
				90F17E30037AA8C923CBC38D /* LICENSE */,
				95E72D53777562AFDF441007 /* Pods */,
				75417DE84913A7A1EB3B7761 /* Frameworks */,
			);
			sourceTree = "<group>";
		};
		42EDDE641E9AE0B10012EDD0 /* Products */ = {
			isa = PBXGroup;
			children = (
				42EDDE631E9AE0B10012EDD0 /* Twister.app */,
			);
			name = Products;
			sourceTree = "<group>";
		};
		42EDDE651E9AE0B10012EDD0 /* Twister */ = {
			isa = PBXGroup;
			children = (
				A65DCD27243408D500FCD74D /* Controllers */,
				A65DCD2E243409BA00FCD74D /* Cells */,
				A65DCD262434089B00FCD74D /* Supporting */,
				424BE3EA1EBAEAFE0034DB00 /* Resources */,
				424BE3DC1EBAEAA60034DB00 /* Managers */,
				A65DCD232434068D00FCD74D /* Possible Future Use */,
				42EDDE721E9AE0B10012EDD0 /* Info.plist */,
			);
			path = Twister;
			sourceTree = "<group>";
		};
		75417DE84913A7A1EB3B7761 /* Frameworks */ = {
			isa = PBXGroup;
			children = (
				46F45034432960FBD7F51ACD /* Pods_Twister.framework */,
			);
			name = Frameworks;
			sourceTree = "<group>";
		};
		90F17E30037AA8C923CBC38D /* LICENSE */ = {
			isa = PBXGroup;
			children = (
				FF6A8FFC3191918B5D84482D /* LICENSE.txt */,
			);
			path = LICENSE;
			sourceTree = "<group>";
		};
		95E72D53777562AFDF441007 /* Pods */ = {
			isa = PBXGroup;
			children = (
				45B19C0EE7AE36636EF68661 /* Pods-Adding-Content-to-Apple-Music.debug.xcconfig */,
				7A423584CF0C96CBCD6DD920 /* Pods-Adding-Content-to-Apple-Music.release.xcconfig */,
				437D499E43FAB7A6EE0AA4F3 /* Pods-Twister.debug.xcconfig */,
				8D09AB42E99653918C08824C /* Pods-Twister.release.xcconfig */,
			);
			path = Pods;
			sourceTree = "<group>";
		};
		A65DCD232434068D00FCD74D /* Possible Future Use */ = {
			isa = PBXGroup;
			children = (
				4249C3F71EDB6AF100CC40AE /* Utility */,
				4213F0A81EC2CDBE0014E741 /* Model */,
			);
			path = "Possible Future Use";
			sourceTree = "<group>";
		};
		A65DCD262434089B00FCD74D /* Supporting */ = {
			isa = PBXGroup;
			children = (
				A643FE242434176C0065247B /* Keys.swift */,
				A6DCD83923D606110072012F /* Models.swift */,
				A65DCD242434086100FCD74D /* iTunesRequests.swift */,
			);
			path = Supporting;
			sourceTree = "<group>";
		};
		A65DCD27243408D500FCD74D /* Controllers */ = {
			isa = PBXGroup;
			children = (
				A688F02223D68272004F0CBE /* SongReplacerViewController.swift */,
				A6ACCC1523D3BD2C00A55FAE /* MainViewController.swift */,
				A6DCD83723D4F4900072012F /* SettingsTableViewController.swift */,
				A65DCD292434098300FCD74D /* ResultsViewController.swift */,
			);
			path = Controllers;
			sourceTree = "<group>";
		};
		A65DCD2E243409BA00FCD74D /* Cells */ = {
			isa = PBXGroup;
			children = (
				A6D5DCD723D682F5004F4373 /* SongReplacerTableViewCell.swift */,
				A65DCD2C2434099500FCD74D /* PlaylistTableViewCell.swift */,
				A65DCD282434098200FCD74D /* SongTableViewCell.swift */,
			);
			path = Cells;
			sourceTree = "<group>";
		};
/* End PBXGroup section */

/* Begin PBXNativeTarget section */
		42EDDE621E9AE0B10012EDD0 /* Twister */ = {
			isa = PBXNativeTarget;
			buildConfigurationList = 42EDDE751E9AE0B10012EDD0 /* Build configuration list for PBXNativeTarget "Twister" */;
			buildPhases = (
				A45A07021F212F9FAA0B5ACB /* [CP] Check Pods Manifest.lock */,
				42EDDE5F1E9AE0B10012EDD0 /* Sources */,
				42EDDE601E9AE0B10012EDD0 /* Frameworks */,
				42EDDE611E9AE0B10012EDD0 /* Resources */,
				882983DC6923A70FA4324DFD /* [CP] Embed Pods Frameworks */,
			);
			buildRules = (
			);
			dependencies = (
			);
			name = Twister;
			productName = Twister;
			productReference = 42EDDE631E9AE0B10012EDD0 /* Twister.app */;
			productType = "com.apple.product-type.application";
		};
/* End PBXNativeTarget section */

/* Begin PBXProject section */
		42EDDE5B1E9AE0B10012EDD0 /* Project object */ = {
			isa = PBXProject;
			attributes = {
				LastSwiftUpdateCheck = 0830;
				LastUpgradeCheck = 1140;
				ORGANIZATIONNAME = Apple;
				TargetAttributes = {
					42EDDE621E9AE0B10012EDD0 = {
						CreatedOnToolsVersion = 8.3.1;
						DevelopmentTeam = 7TST5593AZ;
						LastSwiftMigration = 1140;
						ProvisioningStyle = Automatic;
					};
				};
			};
			buildConfigurationList = 42EDDE5E1E9AE0B10012EDD0 /* Build configuration list for PBXProject "Twister" */;
			compatibilityVersion = "Xcode 3.2";
			developmentRegion = English;
			hasScannedForEncodings = 0;
			knownRegions = (
				English,
				en,
				Base,
			);
			mainGroup = 42EDDE5A1E9AE0B10012EDD0;
			productRefGroup = 42EDDE641E9AE0B10012EDD0 /* Products */;
			projectDirPath = "";
			projectRoot = "";
			targets = (
				42EDDE621E9AE0B10012EDD0 /* Twister */,
			);
		};
/* End PBXProject section */

/* Begin PBXResourcesBuildPhase section */
		42EDDE611E9AE0B10012EDD0 /* Resources */ = {
			isa = PBXResourcesBuildPhase;
			buildActionMask = 2147483647;
			files = (
				424BE3F21EBAEAFE0034DB00 /* Main.storyboard in Resources */,
				424BE3F01EBAEAFE0034DB00 /* Assets.xcassets in Resources */,
				424BE3F11EBAEAFE0034DB00 /* LaunchScreen.storyboard in Resources */,
			);
			runOnlyForDeploymentPostprocessing = 0;
		};
/* End PBXResourcesBuildPhase section */

/* Begin PBXShellScriptBuildPhase section */
		882983DC6923A70FA4324DFD /* [CP] Embed Pods Frameworks */ = {
			isa = PBXShellScriptBuildPhase;
			buildActionMask = 2147483647;
			files = (
			);
			inputPaths = (
				"${PODS_ROOT}/Target Support Files/Pods-Twister/Pods-Twister-frameworks.sh",
				"${BUILT_PRODUCTS_DIR}/SpotifyKit/SpotifyKit.framework",
			);
			name = "[CP] Embed Pods Frameworks";
			outputPaths = (
				"${TARGET_BUILD_DIR}/${FRAMEWORKS_FOLDER_PATH}/SpotifyKit.framework",
			);
			runOnlyForDeploymentPostprocessing = 0;
			shellPath = /bin/sh;
			shellScript = "\"${PODS_ROOT}/Target Support Files/Pods-Twister/Pods-Twister-frameworks.sh\"\n";
			showEnvVarsInLog = 0;
		};
		A45A07021F212F9FAA0B5ACB /* [CP] Check Pods Manifest.lock */ = {
			isa = PBXShellScriptBuildPhase;
			buildActionMask = 2147483647;
			files = (
			);
			inputFileListPaths = (
			);
			inputPaths = (
				"${PODS_PODFILE_DIR_PATH}/Podfile.lock",
				"${PODS_ROOT}/Manifest.lock",
			);
			name = "[CP] Check Pods Manifest.lock";
			outputFileListPaths = (
			);
			outputPaths = (
				"$(DERIVED_FILE_DIR)/Pods-Twister-checkManifestLockResult.txt",
			);
			runOnlyForDeploymentPostprocessing = 0;
			shellPath = /bin/sh;
			shellScript = "diff \"${PODS_PODFILE_DIR_PATH}/Podfile.lock\" \"${PODS_ROOT}/Manifest.lock\" > /dev/null\nif [ $? != 0 ] ; then\n    # print error to STDERR\n    echo \"error: The sandbox is not in sync with the Podfile.lock. Run 'pod install' or update your CocoaPods installation.\" >&2\n    exit 1\nfi\n# This output is used by Xcode 'outputs' to avoid re-running this script phase.\necho \"SUCCESS\" > \"${SCRIPT_OUTPUT_FILE_0}\"\n";
			showEnvVarsInLog = 0;
		};
/* End PBXShellScriptBuildPhase section */

/* Begin PBXSourcesBuildPhase section */
		42EDDE5F1E9AE0B10012EDD0 /* Sources */ = {
			isa = PBXSourcesBuildPhase;
			buildActionMask = 2147483647;
			files = (
				A6ACCC1623D3BD2C00A55FAE /* MainViewController.swift in Sources */,
				A65DCD2D2434099500FCD74D /* PlaylistTableViewCell.swift in Sources */,
				424BE3E01EBAEAA60034DB00 /* AuthorizationManager.swift in Sources */,
				424BE3E11EBAEAA60034DB00 /* MediaLibraryManager.swift in Sources */,
				4249C3FB1EDB8D3000CC40AE /* JSONKeys.swift in Sources */,
				A65DCD22243405DC00FCD74D /* SerializationError.swift in Sources */,
				4213F0AA1EC2CE250014E741 /* MediaItem.swift in Sources */,
				A6DCD83A23D606110072012F /* Models.swift in Sources */,
				A643FE252434176C0065247B /* Keys.swift in Sources */,
				A6D5DCD823D682F5004F4373 /* SongReplacerTableViewCell.swift in Sources */,
				A65DCD2A2434098300FCD74D /* SongTableViewCell.swift in Sources */,
				424E9D661EBBC9F2006C2C82 /* AppleMusicManager.swift in Sources */,
				A65DCD252434086100FCD74D /* iTunesRequests.swift in Sources */,
				42EDDE671E9AE0B10012EDD0 /* AppDelegate.swift in Sources */,
				A688F02323D68272004F0CBE /* SongReplacerViewController.swift in Sources */,
				A65DCD2B2434098300FCD74D /* ResultsViewController.swift in Sources */,
				42C9B1991EDF5D7B009A9DE7 /* AppleMusicRequestFactory.swift in Sources */,
				A65DCD20243404A200FCD74D /* Artwork.swift in Sources */,
				A6DCD83823D4F4900072012F /* SettingsTableViewController.swift in Sources */,
			);
			runOnlyForDeploymentPostprocessing = 0;
		};
/* End PBXSourcesBuildPhase section */

/* Begin PBXVariantGroup section */
		424BE3EC1EBAEAFE0034DB00 /* LaunchScreen.storyboard */ = {
			isa = PBXVariantGroup;
			children = (
				424BE3ED1EBAEAFE0034DB00 /* Base */,
			);
			name = LaunchScreen.storyboard;
			sourceTree = "<group>";
		};
		424BE3EE1EBAEAFE0034DB00 /* Main.storyboard */ = {
			isa = PBXVariantGroup;
			children = (
				424BE3EF1EBAEAFE0034DB00 /* Base */,
			);
			name = Main.storyboard;
			sourceTree = "<group>";
		};
/* End PBXVariantGroup section */

/* Begin XCBuildConfiguration section */
		42EDDE731E9AE0B10012EDD0 /* Debug */ = {
			isa = XCBuildConfiguration;
			buildSettings = {
				ALWAYS_SEARCH_USER_PATHS = NO;
				CLANG_ANALYZER_LOCALIZABILITY_NONLOCALIZED = YES;
				CLANG_ANALYZER_NONNULL = YES;
				CLANG_ANALYZER_NUMBER_OBJECT_CONVERSION = YES_AGGRESSIVE;
				CLANG_CXX_LANGUAGE_STANDARD = "gnu++0x";
				CLANG_CXX_LIBRARY = "libc++";
				CLANG_ENABLE_MODULES = YES;
				CLANG_ENABLE_OBJC_ARC = YES;
				CLANG_WARN_BLOCK_CAPTURE_AUTORELEASING = YES;
				CLANG_WARN_BOOL_CONVERSION = YES;
				CLANG_WARN_COMMA = YES;
				CLANG_WARN_CONSTANT_CONVERSION = YES;
				CLANG_WARN_DEPRECATED_OBJC_IMPLEMENTATIONS = YES;
				CLANG_WARN_DIRECT_OBJC_ISA_USAGE = YES_ERROR;
				CLANG_WARN_DOCUMENTATION_COMMENTS = YES;
				CLANG_WARN_EMPTY_BODY = YES;
				CLANG_WARN_ENUM_CONVERSION = YES;
				CLANG_WARN_INFINITE_RECURSION = YES;
				CLANG_WARN_INT_CONVERSION = YES;
				CLANG_WARN_NON_LITERAL_NULL_CONVERSION = YES;
				CLANG_WARN_OBJC_IMPLICIT_RETAIN_SELF = YES;
				CLANG_WARN_OBJC_LITERAL_CONVERSION = YES;
				CLANG_WARN_OBJC_ROOT_CLASS = YES_ERROR;
				CLANG_WARN_RANGE_LOOP_ANALYSIS = YES;
				CLANG_WARN_STRICT_PROTOTYPES = YES;
				CLANG_WARN_SUSPICIOUS_MOVE = YES;
				CLANG_WARN_UNREACHABLE_CODE = YES;
				CLANG_WARN__DUPLICATE_METHOD_MATCH = YES;
				"CODE_SIGN_IDENTITY[sdk=iphoneos*]" = "iPhone Developer";
				COPY_PHASE_STRIP = NO;
				DEBUG_INFORMATION_FORMAT = dwarf;
				ENABLE_STRICT_OBJC_MSGSEND = YES;
				ENABLE_TESTABILITY = YES;
				GCC_C_LANGUAGE_STANDARD = gnu99;
				GCC_DYNAMIC_NO_PIC = NO;
				GCC_NO_COMMON_BLOCKS = YES;
				GCC_OPTIMIZATION_LEVEL = 0;
				GCC_PREPROCESSOR_DEFINITIONS = (
					"DEBUG=1",
					"$(inherited)",
				);
				GCC_WARN_64_TO_32_BIT_CONVERSION = YES;
				GCC_WARN_ABOUT_RETURN_TYPE = YES_ERROR;
				GCC_WARN_UNDECLARED_SELECTOR = YES;
				GCC_WARN_UNINITIALIZED_AUTOS = YES_AGGRESSIVE;
				GCC_WARN_UNUSED_FUNCTION = YES;
				GCC_WARN_UNUSED_VARIABLE = YES;
				IPHONEOS_DEPLOYMENT_TARGET = 10.3;
				MTL_ENABLE_DEBUG_INFO = YES;
				ONLY_ACTIVE_ARCH = YES;
				SDKROOT = iphoneos;
				SWIFT_ACTIVE_COMPILATION_CONDITIONS = DEBUG;
				SWIFT_OPTIMIZATION_LEVEL = "-Onone";
				TARGETED_DEVICE_FAMILY = "1,2";
			};
			name = Debug;
		};
		42EDDE741E9AE0B10012EDD0 /* Release */ = {
			isa = XCBuildConfiguration;
			buildSettings = {
				ALWAYS_SEARCH_USER_PATHS = NO;
				CLANG_ANALYZER_LOCALIZABILITY_NONLOCALIZED = YES;
				CLANG_ANALYZER_NONNULL = YES;
				CLANG_ANALYZER_NUMBER_OBJECT_CONVERSION = YES_AGGRESSIVE;
				CLANG_CXX_LANGUAGE_STANDARD = "gnu++0x";
				CLANG_CXX_LIBRARY = "libc++";
				CLANG_ENABLE_MODULES = YES;
				CLANG_ENABLE_OBJC_ARC = YES;
				CLANG_WARN_BLOCK_CAPTURE_AUTORELEASING = YES;
				CLANG_WARN_BOOL_CONVERSION = YES;
				CLANG_WARN_COMMA = YES;
				CLANG_WARN_CONSTANT_CONVERSION = YES;
				CLANG_WARN_DEPRECATED_OBJC_IMPLEMENTATIONS = YES;
				CLANG_WARN_DIRECT_OBJC_ISA_USAGE = YES_ERROR;
				CLANG_WARN_DOCUMENTATION_COMMENTS = YES;
				CLANG_WARN_EMPTY_BODY = YES;
				CLANG_WARN_ENUM_CONVERSION = YES;
				CLANG_WARN_INFINITE_RECURSION = YES;
				CLANG_WARN_INT_CONVERSION = YES;
				CLANG_WARN_NON_LITERAL_NULL_CONVERSION = YES;
				CLANG_WARN_OBJC_IMPLICIT_RETAIN_SELF = YES;
				CLANG_WARN_OBJC_LITERAL_CONVERSION = YES;
				CLANG_WARN_OBJC_ROOT_CLASS = YES_ERROR;
				CLANG_WARN_RANGE_LOOP_ANALYSIS = YES;
				CLANG_WARN_STRICT_PROTOTYPES = YES;
				CLANG_WARN_SUSPICIOUS_MOVE = YES;
				CLANG_WARN_UNREACHABLE_CODE = YES;
				CLANG_WARN__DUPLICATE_METHOD_MATCH = YES;
				"CODE_SIGN_IDENTITY[sdk=iphoneos*]" = "iPhone Developer";
				COPY_PHASE_STRIP = NO;
				DEBUG_INFORMATION_FORMAT = "dwarf-with-dsym";
				ENABLE_NS_ASSERTIONS = NO;
				ENABLE_STRICT_OBJC_MSGSEND = YES;
				GCC_C_LANGUAGE_STANDARD = gnu99;
				GCC_NO_COMMON_BLOCKS = YES;
				GCC_WARN_64_TO_32_BIT_CONVERSION = YES;
				GCC_WARN_ABOUT_RETURN_TYPE = YES_ERROR;
				GCC_WARN_UNDECLARED_SELECTOR = YES;
				GCC_WARN_UNINITIALIZED_AUTOS = YES_AGGRESSIVE;
				GCC_WARN_UNUSED_FUNCTION = YES;
				GCC_WARN_UNUSED_VARIABLE = YES;
				IPHONEOS_DEPLOYMENT_TARGET = 10.3;
				MTL_ENABLE_DEBUG_INFO = NO;
				SDKROOT = iphoneos;
				SWIFT_OPTIMIZATION_LEVEL = "-Owholemodule";
				TARGETED_DEVICE_FAMILY = "1,2";
				VALIDATE_PRODUCT = YES;
			};
			name = Release;
		};
		42EDDE761E9AE0B10012EDD0 /* Debug */ = {
			isa = XCBuildConfiguration;
			baseConfigurationReference = 437D499E43FAB7A6EE0AA4F3 /* Pods-Twister.debug.xcconfig */;
			buildSettings = {
				ASSETCATALOG_COMPILER_APPICON_NAME = AppIcon;
				DEVELOPMENT_TEAM = 7TST5593AZ;
				INFOPLIST_FILE = Twister/Info.plist;
				IPHONEOS_DEPLOYMENT_TARGET = 13.0;
				LD_RUNPATH_SEARCH_PATHS = "$(inherited) @executable_path/Frameworks";
				PRODUCT_BUNDLE_IDENTIFIER = com.MatteoBartalini.Twister;
				PRODUCT_NAME = Twister;
				PROVISIONING_PROFILE_SPECIFIER = "";
				SWIFT_SWIFT3_OBJC_INFERENCE = Off;
				SWIFT_VERSION = 5.0;
			};
			name = Debug;
		};
		42EDDE771E9AE0B10012EDD0 /* Release */ = {
			isa = XCBuildConfiguration;
			baseConfigurationReference = 8D09AB42E99653918C08824C /* Pods-Twister.release.xcconfig */;
			buildSettings = {
				ASSETCATALOG_COMPILER_APPICON_NAME = AppIcon;
				DEVELOPMENT_TEAM = 7TST5593AZ;
				INFOPLIST_FILE = Twister/Info.plist;
				IPHONEOS_DEPLOYMENT_TARGET = 13.0;
				LD_RUNPATH_SEARCH_PATHS = "$(inherited) @executable_path/Frameworks";
				PRODUCT_BUNDLE_IDENTIFIER = com.MatteoBartalini.Twister;
				PRODUCT_NAME = Twister;
				PROVISIONING_PROFILE_SPECIFIER = "";
				SWIFT_SWIFT3_OBJC_INFERENCE = Off;
				SWIFT_VERSION = 5.0;
			};
			name = Release;
		};
/* End XCBuildConfiguration section */

/* Begin XCConfigurationList section */
		42EDDE5E1E9AE0B10012EDD0 /* Build configuration list for PBXProject "Twister" */ = {
			isa = XCConfigurationList;
			buildConfigurations = (
				42EDDE731E9AE0B10012EDD0 /* Debug */,
				42EDDE741E9AE0B10012EDD0 /* Release */,
			);
			defaultConfigurationIsVisible = 0;
			defaultConfigurationName = Release;
		};
		42EDDE751E9AE0B10012EDD0 /* Build configuration list for PBXNativeTarget "Twister" */ = {
			isa = XCConfigurationList;
			buildConfigurations = (
				42EDDE761E9AE0B10012EDD0 /* Debug */,
				42EDDE771E9AE0B10012EDD0 /* Release */,
			);
			defaultConfigurationIsVisible = 0;
			defaultConfigurationName = Release;
		};
/* End XCConfigurationList section */
	};
	rootObject = 42EDDE5B1E9AE0B10012EDD0 /* Project object */;
}
